Microsoft Visual Studio Solution File, Format Version 12.00
# Visual Studio Version 16
VisualStudioVersion = 16.0.30320.27
MinimumVisualStudioVersion = 10.0.40219.1
Project("{FAE04EC0-301F-11D3-BF4B-00C04F79EFBC}") = "Keyholders", "Keyholders\Keyholders.csproj", "{29697331-D0B1-49BA-8A7F-133C3DF8229D}"
EndProject
Project("{FAE04EC0-301F-11D3-BF4B-00C04F79EFBC}") = "AlertusTestApp", "TestApp\AlertusTestApp.csproj", "{83309B03-791E-4C8E-A17F-D6087ED33DA4}"
	ProjectSection(ProjectDependencies) = postProject
		{29697331-D0B1-49BA-8A7F-133C3DF8229D} = {29697331-D0B1-49BA-8A7F-133C3DF8229D}
	EndProjectSection
EndProject
Project("{FAE04EC0-301F-11D3-BF4B-00C04F79EFBC}") = "ImporterKDL", "Importer\ImporterKDL.csproj", "{A31246CF-35D3-4878-872B-797EA36AFE45}"
	ProjectSection(ProjectDependencies) = postProject
		{29697331-D0B1-49BA-8A7F-133C3DF8229D} = {29697331-D0B1-49BA-8A7F-133C3DF8229D}
	EndProjectSection
EndProject
Project("{6141683F-8A12-4E36-9623-2EB02B2C2303}") = "AlertusSetup", "AlertusSetup\AlertusSetup.isproj", "{BF87D17E-2881-4BC6-AB43-E4624C757987}"
	ProjectSection(ProjectDependencies) = postProject
		{83309B03-791E-4C8E-A17F-D6087ED33DA4} = {83309B03-791E-4C8E-A17F-D6087ED33DA4}
		{29697331-D0B1-49BA-8A7F-133C3DF8229D} = {29697331-D0B1-49BA-8A7F-133C3DF8229D}
		{A31246CF-35D3-4878-872B-797EA36AFE45} = {A31246CF-35D3-4878-872B-797EA36AFE45}
	EndProjectSection
EndProject
Global
	GlobalSection(SolutionConfigurationPlatforms) = preSolution
		CD_ROM|Any CPU = CD_ROM|Any CPU
		Custom|Any CPU = Custom|Any CPU
		Debug|Any CPU = Debug|Any CPU
		DVD-10|Any CPU = DVD-10|Any CPU
		DVD-18|Any CPU = DVD-18|Any CPU
		DVD-5|Any CPU = DVD-5|Any CPU
		DVD-9|Any CPU = DVD-9|Any CPU
		Release|Any CPU = Release|Any CPU
		SingleImage|Any CPU = SingleImage|Any CPU
		WebDeployment|Any CPU = WebDeployment|Any CPU
	EndGlobalSection
	GlobalSection(ProjectConfigurationPlatforms) = postSolution
		{29697331-D0B1-49BA-8A7F-133C3DF8229D}.CD_ROM|Any CPU.ActiveCfg = Release|Any CPU
		{29697331-D0B1-49BA-8A7F-133C3DF8229D}.CD_ROM|Any CPU.Build.0 = Release|Any CPU
		{29697331-D0B1-49BA-8A7F-133C3DF8229D}.Custom|Any CPU.ActiveCfg = Release|Any CPU
		{29697331-D0B1-49BA-8A7F-133C3DF8229D}.Custom|Any CPU.Build.0 = Release|Any CPU
		{29697331-D0B1-49BA-8A7F-133C3DF8229D}.Debug|Any CPU.ActiveCfg = Release|Any CPU
		{29697331-D0B1-49BA-8A7F-133C3DF8229D}.Debug|Any CPU.Build.0 = Release|Any CPU
		{29697331-D0B1-49BA-8A7F-133C3DF8229D}.DVD-10|Any CPU.ActiveCfg = Release|Any CPU
		{29697331-D0B1-49BA-8A7F-133C3DF8229D}.DVD-10|Any CPU.Build.0 = Release|Any CPU
		{29697331-D0B1-49BA-8A7F-133C3DF8229D}.DVD-18|Any CPU.ActiveCfg = Release|Any CPU
		{29697331-D0B1-49BA-8A7F-133C3DF8229D}.DVD-18|Any CPU.Build.0 = Release|Any CPU
		{29697331-D0B1-49BA-8A7F-133C3DF8229D}.DVD-5|Any CPU.ActiveCfg = Release|Any CPU
		{29697331-D0B1-49BA-8A7F-133C3DF8229D}.DVD-5|Any CPU.Build.0 = Release|Any CPU
		{29697331-D0B1-49BA-8A7F-133C3DF8229D}.DVD-9|Any CPU.ActiveCfg = Release|Any CPU
		{29697331-D0B1-49BA-8A7F-133C3DF8229D}.DVD-9|Any CPU.Build.0 = Release|Any CPU
		{29697331-D0B1-49BA-8A7F-133C3DF8229D}.Release|Any CPU.ActiveCfg = Release|Any CPU
		{29697331-D0B1-49BA-8A7F-133C3DF8229D}.Release|Any CPU.Build.0 = Release|Any CPU
		{29697331-D0B1-49BA-8A7F-133C3DF8229D}.SingleImage|Any CPU.ActiveCfg = Release|Any CPU
		{29697331-D0B1-49BA-8A7F-133C3DF8229D}.SingleImage|Any CPU.Build.0 = Release|Any CPU
		{29697331-D0B1-49BA-8A7F-133C3DF8229D}.WebDeployment|Any CPU.ActiveCfg = Release|Any CPU
		{29697331-D0B1-49BA-8A7F-133C3DF8229D}.WebDeployment|Any CPU.Build.0 = Release|Any CPU
		{83309B03-791E-4C8E-A17F-D6087ED33DA4}.CD_ROM|Any CPU.ActiveCfg = Debug|Any CPU
		{83309B03-791E-4C8E-A17F-D6087ED33DA4}.CD_ROM|Any CPU.Build.0 = Debug|Any CPU
		{83309B03-791E-4C8E-A17F-D6087ED33DA4}.Custom|Any CPU.ActiveCfg = Debug|Any CPU
		{83309B03-791E-4C8E-A17F-D6087ED33DA4}.Custom|Any CPU.Build.0 = Debug|Any CPU
		{83309B03-791E-4C8E-A17F-D6087ED33DA4}.Debug|Any CPU.ActiveCfg = Debug|Any CPU
		{83309B03-791E-4C8E-A17F-D6087ED33DA4}.Debug|Any CPU.Build.0 = Debug|Any CPU
		{83309B03-791E-4C8E-A17F-D6087ED33DA4}.DVD-10|Any CPU.ActiveCfg = Debug|Any CPU
		{83309B03-791E-4C8E-A17F-D6087ED33DA4}.DVD-10|Any CPU.Build.0 = Debug|Any CPU
		{83309B03-791E-4C8E-A17F-D6087ED33DA4}.DVD-18|Any CPU.ActiveCfg = Debug|Any CPU
		{83309B03-791E-4C8E-A17F-D6087ED33DA4}.DVD-18|Any CPU.Build.0 = Debug|Any CPU
		{83309B03-791E-4C8E-A17F-D6087ED33DA4}.DVD-5|Any CPU.ActiveCfg = Debug|Any CPU
		{83309B03-791E-4C8E-A17F-D6087ED33DA4}.DVD-5|Any CPU.Build.0 = Debug|Any CPU
		{83309B03-791E-4C8E-A17F-D6087ED33DA4}.DVD-9|Any CPU.ActiveCfg = Debug|Any CPU
		{83309B03-791E-4C8E-A17F-D6087ED33DA4}.DVD-9|Any CPU.Build.0 = Debug|Any CPU
		{83309B03-791E-4C8E-A17F-D6087ED33DA4}.Release|Any CPU.ActiveCfg = Debug|Any CPU
		{83309B03-791E-4C8E-A17F-D6087ED33DA4}.Release|Any CPU.Build.0 = Debug|Any CPU
		{83309B03-791E-4C8E-A17F-D6087ED33DA4}.SingleImage|Any CPU.ActiveCfg = Debug|Any CPU
		{83309B03-791E-4C8E-A17F-D6087ED33DA4}.SingleImage|Any CPU.Build.0 = Debug|Any CPU
		{83309B03-791E-4C8E-A17F-D6087ED33DA4}.WebDeployment|Any CPU.ActiveCfg = Debug|Any CPU
		{83309B03-791E-4C8E-A17F-D6087ED33DA4}.WebDeployment|Any CPU.Build.0 = Debug|Any CPU
		{A31246CF-35D3-4878-872B-797EA36AFE45}.CD_ROM|Any CPU.ActiveCfg = Release|Any CPU
		{A31246CF-35D3-4878-872B-797EA36AFE45}.CD_ROM|Any CPU.Build.0 = Release|Any CPU
		{A31246CF-35D3-4878-872B-797EA36AFE45}.Custom|Any CPU.ActiveCfg = Release|Any CPU
		{A31246CF-35D3-4878-872B-797EA36AFE45}.Custom|Any CPU.Build.0 = Release|Any CPU
		{A31246CF-35D3-4878-872B-797EA36AFE45}.Debug|Any CPU.ActiveCfg = Release|Any CPU
		{A31246CF-35D3-4878-872B-797EA36AFE45}.Debug|Any CPU.Build.0 = Release|Any CPU
		{A31246CF-35D3-4878-872B-797EA36AFE45}.DVD-10|Any CPU.ActiveCfg = Release|Any CPU
		{A31246CF-35D3-4878-872B-797EA36AFE45}.DVD-10|Any CPU.Build.0 = Release|Any CPU
		{A31246CF-35D3-4878-872B-797EA36AFE45}.DVD-18|Any CPU.ActiveCfg = Release|Any CPU
		{A31246CF-35D3-4878-872B-797EA36AFE45}.DVD-18|Any CPU.Build.0 = Release|Any CPU
		{A31246CF-35D3-4878-872B-797EA36AFE45}.DVD-5|Any CPU.ActiveCfg = Release|Any CPU
		{A31246CF-35D3-4878-872B-797EA36AFE45}.DVD-5|Any CPU.Build.0 = Release|Any CPU
		{A31246CF-35D3-4878-872B-797EA36AFE45}.DVD-9|Any CPU.ActiveCfg = Release|Any CPU
		{A31246CF-35D3-4878-872B-797EA36AFE45}.DVD-9|Any CPU.Build.0 = Release|Any CPU
		{A31246CF-35D3-4878-872B-797EA36AFE45}.Release|Any CPU.ActiveCfg = Release|Any CPU
		{A31246CF-35D3-4878-872B-797EA36AFE45}.Release|Any CPU.Build.0 = Release|Any CPU
		{A31246CF-35D3-4878-872B-797EA36AFE45}.SingleImage|Any CPU.ActiveCfg = Release|Any CPU
		{A31246CF-35D3-4878-872B-797EA36AFE45}.SingleImage|Any CPU.Build.0 = Release|Any CPU
		{A31246CF-35D3-4878-872B-797EA36AFE45}.WebDeployment|Any CPU.ActiveCfg = Release|Any CPU
		{A31246CF-35D3-4878-872B-797EA36AFE45}.WebDeployment|Any CPU.Build.0 = Release|Any CPU
		{BF87D17E-2881-4BC6-AB43-E4624C757987}.CD_ROM|Any CPU.ActiveCfg = CD_ROM
		{BF87D17E-2881-4BC6-AB43-E4624C757987}.CD_ROM|Any CPU.Build.0 = CD_ROM
		{BF87D17E-2881-4BC6-AB43-E4624C757987}.Custom|Any CPU.ActiveCfg = CD_ROM
		{BF87D17E-2881-4BC6-AB43-E4624C757987}.Custom|Any CPU.Build.0 = CD_ROM
		{BF87D17E-2881-4BC6-AB43-E4624C757987}.Debug|Any CPU.ActiveCfg = SingleImage
		{BF87D17E-2881-4BC6-AB43-E4624C757987}.Debug|Any CPU.Build.0 = SingleImage
		{BF87D17E-2881-4BC6-AB43-E4624C757987}.DVD-10|Any CPU.ActiveCfg = CD_ROM
		{BF87D17E-2881-4BC6-AB43-E4624C757987}.DVD-10|Any CPU.Build.0 = CD_ROM
		{BF87D17E-2881-4BC6-AB43-E4624C757987}.DVD-18|Any CPU.ActiveCfg = CD_ROM
		{BF87D17E-2881-4BC6-AB43-E4624C757987}.DVD-18|Any CPU.Build.0 = CD_ROM
		{BF87D17E-2881-4BC6-AB43-E4624C757987}.DVD-5|Any CPU.ActiveCfg = CD_ROM
		{BF87D17E-2881-4BC6-AB43-E4624C757987}.DVD-5|Any CPU.Build.0 = CD_ROM
		{BF87D17E-2881-4BC6-AB43-E4624C757987}.DVD-9|Any CPU.ActiveCfg = CD_ROM
		{BF87D17E-2881-4BC6-AB43-E4624C757987}.DVD-9|Any CPU.Build.0 = CD_ROM
		{BF87D17E-2881-4BC6-AB43-E4624C757987}.Release|Any CPU.ActiveCfg = CD_ROM
		{BF87D17E-2881-4BC6-AB43-E4624C757987}.Release|Any CPU.Build.0 = CD_ROM
		{BF87D17E-2881-4BC6-AB43-E4624C757987}.SingleImage|Any CPU.ActiveCfg = CD_ROM
		{BF87D17E-2881-4BC6-AB43-E4624C757987}.SingleImage|Any CPU.Build.0 = CD_ROM
		{BF87D17E-2881-4BC6-AB43-E4624C757987}.WebDeployment|Any CPU.ActiveCfg = CD_ROM
		{BF87D17E-2881-4BC6-AB43-E4624C757987}.WebDeployment|Any CPU.Build.0 = CD_ROM
	EndGlobalSection
	GlobalSection(SolutionProperties) = preSolution
		HideSolutionNode = FALSE
	EndGlobalSection
	GlobalSection(ExtensibilityGlobals) = postSolution
		SolutionGuid = {82648815-A162-4B21-B4AF-6423A37C2A23}
	EndGlobalSection
EndGlobal
